Microsoft Visual Studio Solution File, Format Version 11.00
# Visual Studio 2008

Project("{8D6AB84C-A2AF-9FCC-D4E4-048694176EBF}") = "menu", "Assembly-CSharp.csproj", "{C22A9BFC-6BDC-8E53-6E8C-F3C538F15AC4}"
EndProject
Global
	GlobalSection(SolutionConfigurationPlatforms) = preSolution
		Debug|Any CPU = Debug|Any CPU
		Release|Any CPU = Release|Any CPU
	EndGlobalSection
	GlobalSection(ProjectConfigurationPlatforms) = postSolution
		{C22A9BFC-6BDC-8E53-6E8C-F3C538F15AC4}.Debug|Any CPU.ActiveCfg = Debug|Any CPU
		{C22A9BFC-6BDC-8E53-6E8C-F3C538F15AC4}.Debug|Any CPU.Build.0 = Debug|Any CPU
		{C22A9BFC-6BDC-8E53-6E8C-F3C538F15AC4}.Release|Any CPU.ActiveCfg = Release|Any CPU
		{C22A9BFC-6BDC-8E53-6E8C-F3C538F15AC4}.Release|Any CPU.Build.0 = Release|Any CPU
	EndGlobalSection
	GlobalSection(SolutionProperties) = preSolution
		HideSolutionNode = FALSE
	EndGlobalSection
	GlobalSection(MonoDevelopProperties) = preSolution
		StartupItem = Assembly-CSharp.csproj
	EndGlobalSection
EndGlobal
